
Microsoft Visual Studio Solution File, Format Version 12.00
# Visual Studio 15
VisualStudioVersion = 15.0.27703.2018
MinimumVisualStudioVersion = 10.0.40219.1
Project("{00D1A9C2-B5F0-4AF3-8072-F6C62B433612}") = "SuperHeroDB", "SuperHeroDB\SuperHeroDB.sqlproj", "{515AE503-4E85-4DD4-958E-5D4151E198AE}"
EndProject
Project("{FAE04EC0-301F-11D3-BF4B-00C04F79EFBC}") = "SuperHero", "SuperHero\SuperHero.csproj", "{43D2F8AB-0700-4C44-8FF1-B5BA1E884D59}"
EndProject
Project("{FAE04EC0-301F-11D3-BF4B-00C04F79EFBC}") = "SuperHero.Tests", "SuperHero.Tests\SuperHero.Tests.csproj", "{754242CA-578A-4BE1-97FA-0361534F3EBA}"
EndProject
Global
	GlobalSection(SolutionConfigurationPlatforms) = preSolution
		Debug|Any CPU = Debug|Any CPU
		Release|Any CPU = Release|Any CPU
	EndGlobalSection
	GlobalSection(ProjectConfigurationPlatforms) = postSolution
		{515AE503-4E85-4DD4-958E-5D4151E198AE}.Debug|Any CPU.ActiveCfg = Debug|Any CPU
		{515AE503-4E85-4DD4-958E-5D4151E198AE}.Debug|Any CPU.Build.0 = Debug|Any CPU
		{515AE503-4E85-4DD4-958E-5D4151E198AE}.Debug|Any CPU.Deploy.0 = Debug|Any CPU
		{515AE503-4E85-4DD4-958E-5D4151E198AE}.Release|Any CPU.ActiveCfg = Release|Any CPU
		{515AE503-4E85-4DD4-958E-5D4151E198AE}.Release|Any CPU.Build.0 = Release|Any CPU
		{515AE503-4E85-4DD4-958E-5D4151E198AE}.Release|Any CPU.Deploy.0 = Release|Any CPU
		{43D2F8AB-0700-4C44-8FF1-B5BA1E884D59}.Debug|Any CPU.ActiveCfg = Debug|Any CPU
		{43D2F8AB-0700-4C44-8FF1-B5BA1E884D59}.Debug|Any CPU.Build.0 = Debug|Any CPU
		{43D2F8AB-0700-4C44-8FF1-B5BA1E884D59}.Release|Any CPU.ActiveCfg = Release|Any CPU
		{43D2F8AB-0700-4C44-8FF1-B5BA1E884D59}.Release|Any CPU.Build.0 = Release|Any CPU
		{754242CA-578A-4BE1-97FA-0361534F3EBA}.Debug|Any CPU.ActiveCfg = Debug|Any CPU
		{754242CA-578A-4BE1-97FA-0361534F3EBA}.Debug|Any CPU.Build.0 = Debug|Any CPU
		{754242CA-578A-4BE1-97FA-0361534F3EBA}.Release|Any CPU.ActiveCfg = Release|Any CPU
		{754242CA-578A-4BE1-97FA-0361534F3EBA}.Release|Any CPU.Build.0 = Release|Any CPU
	EndGlobalSection
	GlobalSection(SolutionProperties) = preSolution
		HideSolutionNode = FALSE
	EndGlobalSection
	GlobalSection(ExtensibilityGlobals) = postSolution
		SolutionGuid = {88287146-A093-4060-8FA7-D446CEFA3E06}
	EndGlobalSection
	GlobalSection(TeamFoundationVersionControl) = preSolution
		SccNumberOfProjects = 4
		SccEnterpriseProvider = {4CA58AB2-18FA-4F8D-95D4-32DDF27D184C}
		SccTeamFoundationServer = https://tfs.n-ware.hu/tfs/reaktorlabs
		SccLocalPath0 = .
		SccProjectUniqueName1 = SuperHeroDB\\SuperHeroDB.sqlproj
		SccProjectName1 = SuperHeroDB
		SccLocalPath1 = SuperHeroDB
		SccProjectUniqueName2 = SuperHero\\SuperHero.csproj
		SccProjectName2 = SuperHero
		SccLocalPath2 = SuperHero
		SccProjectUniqueName3 = SuperHero.Tests\\SuperHero.Tests.csproj
		SccProjectName3 = SuperHero.Tests
		SccLocalPath3 = SuperHero.Tests
	EndGlobalSection
EndGlobal
