
Microsoft Visual Studio Solution File, Format Version 12.00
# Visual Studio 15
VisualStudioVersion = 15.0.27703.2018
MinimumVisualStudioVersion = 10.0.40219.1
Project("{00D1A9C2-B5F0-4AF3-8072-F6C62B433612}") = "SuperHeroDB", "SuperHeroDB\SuperHeroDB.sqlproj", "{515AE503-4E85-4DD4-958E-5D4151E198AE}"
EndProject
Project("{FAE04EC0-301F-11D3-BF4B-00C04F79EFBC}") = "SuperHeroUI", "SuperHero\SuperHeroUI.csproj", "{43D2F8AB-0700-4C44-8FF1-B5BA1E884D59}"
EndProject
Project("{FAE04EC0-301F-11D3-BF4B-00C04F79EFBC}") = "SuperHero.Tests", "SuperHero.Tests\SuperHero.Tests.csproj", "{754242CA-578A-4BE1-97FA-0361534F3EBA}"
EndProject
Project("{FAE04EC0-301F-11D3-BF4B-00C04F79EFBC}") = "SuperHeroModel", "SuperHeroModel\SuperHeroModel.csproj", "{8CEB6B30-E999-498F-BB35-08D8784D6062}"
EndProject
Project("{FAE04EC0-301F-11D3-BF4B-00C04F79EFBC}") = "SuperHeroDAL", "SuperHeroDAL\SuperHeroDAL.csproj", "{AE16314C-6C4E-4C12-AF08-E7C7B98B9443}"
EndProject
Project("{FAE04EC0-301F-11D3-BF4B-00C04F79EFBC}") = "SuperHeroBLL", "SuperHeroBLL\SuperHeroBLL.csproj", "{8A0FC7AC-11E5-430D-9CC9-1073D5DD8A7B}"
EndProject
Global
	GlobalSection(SolutionConfigurationPlatforms) = preSolution
		Debug|Any CPU = Debug|Any CPU
		Release|Any CPU = Release|Any CPU
	EndGlobalSection
	GlobalSection(ProjectConfigurationPlatforms) = postSolution
		{515AE503-4E85-4DD4-958E-5D4151E198AE}.Debug|Any CPU.ActiveCfg = Debug|Any CPU
		{515AE503-4E85-4DD4-958E-5D4151E198AE}.Debug|Any CPU.Build.0 = Debug|Any CPU
		{515AE503-4E85-4DD4-958E-5D4151E198AE}.Debug|Any CPU.Deploy.0 = Debug|Any CPU
		{515AE503-4E85-4DD4-958E-5D4151E198AE}.Release|Any CPU.ActiveCfg = Release|Any CPU
		{515AE503-4E85-4DD4-958E-5D4151E198AE}.Release|Any CPU.Build.0 = Release|Any CPU
		{515AE503-4E85-4DD4-958E-5D4151E198AE}.Release|Any CPU.Deploy.0 = Release|Any CPU
		{43D2F8AB-0700-4C44-8FF1-B5BA1E884D59}.Debug|Any CPU.ActiveCfg = Debug|Any CPU
		{43D2F8AB-0700-4C44-8FF1-B5BA1E884D59}.Debug|Any CPU.Build.0 = Debug|Any CPU
		{43D2F8AB-0700-4C44-8FF1-B5BA1E884D59}.Release|Any CPU.ActiveCfg = Release|Any CPU
		{43D2F8AB-0700-4C44-8FF1-B5BA1E884D59}.Release|Any CPU.Build.0 = Release|Any CPU
		{754242CA-578A-4BE1-97FA-0361534F3EBA}.Debug|Any CPU.ActiveCfg = Debug|Any CPU
		{754242CA-578A-4BE1-97FA-0361534F3EBA}.Debug|Any CPU.Build.0 = Debug|Any CPU
		{754242CA-578A-4BE1-97FA-0361534F3EBA}.Release|Any CPU.ActiveCfg = Release|Any CPU
		{754242CA-578A-4BE1-97FA-0361534F3EBA}.Release|Any CPU.Build.0 = Release|Any CPU
		{8CEB6B30-E999-498F-BB35-08D8784D6062}.Debug|Any CPU.ActiveCfg = Debug|Any CPU
		{8CEB6B30-E999-498F-BB35-08D8784D6062}.Debug|Any CPU.Build.0 = Debug|Any CPU
		{8CEB6B30-E999-498F-BB35-08D8784D6062}.Release|Any CPU.ActiveCfg = Release|Any CPU
		{8CEB6B30-E999-498F-BB35-08D8784D6062}.Release|Any CPU.Build.0 = Release|Any CPU
		{AE16314C-6C4E-4C12-AF08-E7C7B98B9443}.Debug|Any CPU.ActiveCfg = Debug|Any CPU
		{AE16314C-6C4E-4C12-AF08-E7C7B98B9443}.Debug|Any CPU.Build.0 = Debug|Any CPU
		{AE16314C-6C4E-4C12-AF08-E7C7B98B9443}.Release|Any CPU.ActiveCfg = Release|Any CPU
		{AE16314C-6C4E-4C12-AF08-E7C7B98B9443}.Release|Any CPU.Build.0 = Release|Any CPU
		{8A0FC7AC-11E5-430D-9CC9-1073D5DD8A7B}.Debug|Any CPU.ActiveCfg = Debug|Any CPU
		{8A0FC7AC-11E5-430D-9CC9-1073D5DD8A7B}.Debug|Any CPU.Build.0 = Debug|Any CPU
		{8A0FC7AC-11E5-430D-9CC9-1073D5DD8A7B}.Release|Any CPU.ActiveCfg = Release|Any CPU
		{8A0FC7AC-11E5-430D-9CC9-1073D5DD8A7B}.Release|Any CPU.Build.0 = Release|Any CPU
	EndGlobalSection
	GlobalSection(SolutionProperties) = preSolution
		HideSolutionNode = FALSE
	EndGlobalSection
	GlobalSection(ExtensibilityGlobals) = postSolution
		SolutionGuid = {88287146-A093-4060-8FA7-D446CEFA3E06}
	EndGlobalSection
EndGlobal
